{
  "pins" : [
    {
      "identity" : "smilesbasemainrequest",
      "kind" : "remoteSourceControl",
      "location" : "https://github.com/smilesiosteam/SmilesBaseMainRequest.git",
      "state" : {
        "branch" : "main",
        "revision" : "132a0e82f71402e3ea78bcfb50a4a264e3a3585f"
      }
    }
  ],
  "version" : 2
}
